
Microsoft Visual Studio Solution File, Format Version 11.00
# Visual Studio 2010
Project("{8BC9CEB8-8B4A-11D0-8D11-00A0C91BC942}") = "DX31_20160413_01", "DX31_20160413_01.vcxproj", "{C11BEE5C-6AAA-4193-BD82-52AE0F0E6957}"
EndProject
Global
	GlobalSection(SolutionConfigurationPlatforms) = preSolution
		Debug|Win32 = Debug|Win32
		Release|Win32 = Release|Win32
	EndGlobalSection
	GlobalSection(ProjectConfigurationPlatforms) = postSolution
		{C11BEE5C-6AAA-4193-BD82-52AE0F0E6957}.Debug|Win32.ActiveCfg = Debug|Win32
		{C11BEE5C-6AAA-4193-BD82-52AE0F0E6957}.Debug|Win32.Build.0 = Debug|Win32
		{C11BEE5C-6AAA-4193-BD82-52AE0F0E6957}.Release|Win32.ActiveCfg = Release|Win32
		{C11BEE5C-6AAA-4193-BD82-52AE0F0E6957}.Release|Win32.Build.0 = Release|Win32
	EndGlobalSection
	GlobalSection(SolutionProperties) = preSolution
		HideSolutionNode = FALSE
	EndGlobalSection
EndGlobal
